
Microsoft Visual Studio Solution File, Format Version 12.00
# Visual Studio Version 17
VisualStudioVersion = 17.8.34408.163
MinimumVisualStudioVersion = 10.0.40219.1
Project("{FAE04EC0-301F-11D3-BF4B-00C04F79EFBC}") = "Workaround", "Workaround\Workaround.csproj", "{92B055AD-68C0-41D6-A121-F9D3C7DBDD33}"
EndProject
Project("{FAE04EC0-301F-11D3-BF4B-00C04F79EFBC}") = "Entities", "Entities\Entities.csproj", "{285FFB22-4450-4A46-9FCB-4F00360E4C86}"
EndProject
Project("{FAE04EC0-301F-11D3-BF4B-00C04F79EFBC}") = "Business", "Business\Business.csproj", "{5F3A3846-7872-47EE-B966-FFA41BC5FADF}"
EndProject
Global
	GlobalSection(SolutionConfigurationPlatforms) = preSolution
		Debug|Any CPU = Debug|Any CPU
		Release|Any CPU = Release|Any CPU
	EndGlobalSection
	GlobalSection(ProjectConfigurationPlatforms) = postSolution
		{92B055AD-68C0-41D6-A121-F9D3C7DBDD33}.Debug|Any CPU.ActiveCfg = Debug|Any CPU
		{92B055AD-68C0-41D6-A121-F9D3C7DBDD33}.Debug|Any CPU.Build.0 = Debug|Any CPU
		{92B055AD-68C0-41D6-A121-F9D3C7DBDD33}.Release|Any CPU.ActiveCfg = Release|Any CPU
		{92B055AD-68C0-41D6-A121-F9D3C7DBDD33}.Release|Any CPU.Build.0 = Release|Any CPU
		{285FFB22-4450-4A46-9FCB-4F00360E4C86}.Debug|Any CPU.ActiveCfg = Debug|Any CPU
		{285FFB22-4450-4A46-9FCB-4F00360E4C86}.Debug|Any CPU.Build.0 = Debug|Any CPU
		{285FFB22-4450-4A46-9FCB-4F00360E4C86}.Release|Any CPU.ActiveCfg = Release|Any CPU
		{285FFB22-4450-4A46-9FCB-4F00360E4C86}.Release|Any CPU.Build.0 = Release|Any CPU
		{5F3A3846-7872-47EE-B966-FFA41BC5FADF}.Debug|Any CPU.ActiveCfg = Debug|Any CPU
		{5F3A3846-7872-47EE-B966-FFA41BC5FADF}.Debug|Any CPU.Build.0 = Debug|Any CPU
		{5F3A3846-7872-47EE-B966-FFA41BC5FADF}.Release|Any CPU.ActiveCfg = Release|Any CPU
		{5F3A3846-7872-47EE-B966-FFA41BC5FADF}.Release|Any CPU.Build.0 = Release|Any CPU
	EndGlobalSection
	GlobalSection(SolutionProperties) = preSolution
		HideSolutionNode = FALSE
	EndGlobalSection
	GlobalSection(ExtensibilityGlobals) = postSolution
		SolutionGuid = {83DB6411-2847-4DBC-B529-52A55B31F9A6}
	EndGlobalSection
EndGlobal
